<?xml version="1.0" encoding="utf-8"?>
<Project ToolsVersion="4.0" xmlns="http://schemas.microsoft.com/developer/msbuild/2003">
  <ItemGroup>
    <Filter Include="Source Files">
      <UniqueIdentifier>{4FC737F1-C7A5-4376-A066-2A32D752A2FF}</UniqueIdentifier>
      <Extensions>cpp;c;cc;cxx;def;odl;idl;hpj;bat;asm;asmx</Extensions>
    </Filter>
    <Filter Include="Header Files">
      <UniqueIdentifier>{93995380-89BD-4b04-88EB-625FBE52EBFB}</UniqueIdentifier>
      <Extensions>h;hh;hpp;hxx;hm;inl;inc;xsd</Extensions>
    </Filter>
    <Filter Include="Resource Files">
      <UniqueIdentifier>{67DA6AB6-F800-4c08-8B7A-83BB121AAD01}</UniqueIdentifier>
      <Extensions>rc;ico;cur;bmp;dlg;rc2;rct;bin;rgs;gif;jpg;jpeg;jpe;resx;tiff;tif;png;wav</Extensions>
    </Filter>
    <Filter Include="Include Files">
      <UniqueIdentifier>{79b461ee-ba16-4b6a-b6bb-4082d488a125}</UniqueIdentifier>
    </Filter>
    <Filter Include="Header Files\States">
      <UniqueIdentifier>{fde377c6-dd10-47f6-8658-4ea62e0fc8ec}</UniqueIdentifier>
    </Filter>
  </ItemGroup>
  <ItemGroup>
    <ClCompile Include="source\ball.cpp">
      <Filter>Source Files</Filter>
    </ClCompile>
    <ClCompile Include="source\camera.cpp">
      <Filter>Source Files</Filter>
    </ClCompile>
    <ClCompile Include="source\drawing.cpp">
      <Filter>Source Files</Filter>
    </ClCompile>
    <ClCompile Include="source\engineMethods.cpp">
      <Filter>Source Files</Filter>
    </ClCompile>
    <ClCompile Include="source\entity.cpp">
      <Filter>Source Files</Filter>
    </ClCompile>
    <ClCompile Include="source\entityCollection.cpp">
      <Filter>Source Files</Filter>
    </ClCompile>
    <ClCompile Include="source\event.cpp">
      <Filter>Source Files</Filter>
    </ClCompile>
    <ClCompile Include="source\file.cpp">
      <Filter>Source Files</Filter>
    </ClCompile>
    <ClCompile Include="source\font.cpp">
      <Filter>Source Files</Filter>
    </ClCompile>
    <ClCompile Include="source\game.cpp">
      <Filter>Source Files</Filter>
    </ClCompile>
    <ClCompile Include="source\gameState.cpp">
      <Filter>Source Files</Filter>
    </ClCompile>
    <ClCompile Include="source\globals.cpp">
      <Filter>Source Files</Filter>
    </ClCompile>
    <ClCompile Include="source\image.cpp">
      <Filter>Source Files</Filter>
    </ClCompile>
    <ClCompile Include="source\inputManager.cpp">
      <Filter>Source Files</Filter>
    </ClCompile>
    <ClCompile Include="source\level.cpp">
      <Filter>Source Files</Filter>
    </ClCompile>
    <ClCompile Include="source\main.cpp">
      <Filter>Source Files</Filter>
    </ClCompile>
    <ClCompile Include="source\mineBoard.cpp">
      <Filter>Source Files</Filter>
    </ClCompile>
    <ClCompile Include="source\mineTile.cpp">
      <Filter>Source Files</Filter>
    </ClCompile>
    <ClCompile Include="source\panel.cpp">
      <Filter>Source Files</Filter>
    </ClCompile>
    <ClCompile Include="source\player.cpp">
      <Filter>Source Files</Filter>
    </ClCompile>
    <ClCompile Include="source\text.cpp">
      <Filter>Source Files</Filter>
    </ClCompile>
    <ClCompile Include="source\wall.cpp">
      <Filter>Source Files</Filter>
    </ClCompile>
    <ClCompile Include="source\states\console.cpp">
      <Filter>Source Files</Filter>
    </ClCompile>
    <ClCompile Include="source\states\editor.cpp">
      <Filter>Source Files</Filter>
    </ClCompile>
    <ClCompile Include="source\states\minesweeper.cpp">
      <Filter>Source Files</Filter>
    </ClCompile>
    <ClCompile Include="source\states\options.cpp">
      <Filter>Source Files</Filter>
    </ClCompile>
    <ClCompile Include="source\states\pauseMenu.cpp">
      <Filter>Source Files</Filter>
    </ClCompile>
    <ClCompile Include="source\states\playing.cpp">
      <Filter>Source Files</Filter>
    </ClCompile>
    <ClCompile Include="source\states\titleScreen.cpp">
      <Filter>Source Files</Filter>
    </ClCompile>
    <ClCompile Include="source\states\uninitialized.cpp">
      <Filter>Source Files</Filter>
    </ClCompile>
  </ItemGroup>
  <ItemGroup>
    <ClInclude Include="include\ball.h">
      <Filter>Header Files</Filter>
    </ClInclude>
    <ClInclude Include="include\camera.h">
      <Filter>Header Files</Filter>
    </ClInclude>
    <ClInclude Include="include\constants.h">
      <Filter>Header Files</Filter>
    </ClInclude>
    <ClInclude Include="include\drawing.h">
      <Filter>Header Files</Filter>
    </ClInclude>
    <ClInclude Include="include\engineMethods.h">
      <Filter>Header Files</Filter>
    </ClInclude>
    <ClInclude Include="include\entity.h">
      <Filter>Header Files</Filter>
    </ClInclude>
    <ClInclude Include="include\entityCollection.h">
      <Filter>Header Files</Filter>
    </ClInclude>
    <ClInclude Include="include\enumerations.h">
      <Filter>Header Files</Filter>
    </ClInclude>
    <ClInclude Include="include\event.h">
      <Filter>Header Files</Filter>
    </ClInclude>
    <ClInclude Include="include\file.h">
      <Filter>Header Files</Filter>
    </ClInclude>
    <ClInclude Include="include\font.h">
      <Filter>Header Files</Filter>
    </ClInclude>
    <ClInclude Include="include\game.h">
      <Filter>Header Files</Filter>
    </ClInclude>
    <ClInclude Include="include\gameState.h">
      <Filter>Header Files</Filter>
    </ClInclude>
    <ClInclude Include="include\globals.h">
      <Filter>Header Files</Filter>
    </ClInclude>
    <ClInclude Include="include\image.h">
      <Filter>Header Files</Filter>
    </ClInclude>
    <ClInclude Include="include\inputManager.h">
      <Filter>Header Files</Filter>
    </ClInclude>
    <ClInclude Include="include\level.h">
      <Filter>Header Files</Filter>
    </ClInclude>
    <ClInclude Include="include\mineBoard.h">
      <Filter>Header Files</Filter>
    </ClInclude>
    <ClInclude Include="include\mineTile.h">
      <Filter>Header Files</Filter>
    </ClInclude>
    <ClInclude Include="include\panel.h">
      <Filter>Header Files</Filter>
    </ClInclude>
    <ClInclude Include="include\player.h">
      <Filter>Header Files</Filter>
    </ClInclude>
    <ClInclude Include="include\prototypes.h">
      <Filter>Header Files</Filter>
    </ClInclude>
    <ClInclude Include="include\text.h">
      <Filter>Header Files</Filter>
    </ClInclude>
    <ClInclude Include="include\types.h">
      <Filter>Header Files</Filter>
    </ClInclude>
    <ClInclude Include="include\variables.h">
      <Filter>Header Files</Filter>
    </ClInclude>
    <ClInclude Include="include\wall.h">
      <Filter>Header Files</Filter>
    </ClInclude>
    <ClInclude Include="include\states\options.h">
      <Filter>Header Files</Filter>
    </ClInclude>
    <ClInclude Include="include\states\playing.h">
      <Filter>Header Files</Filter>
    </ClInclude>
    <ClInclude Include="sdl\include\begin_code.h">
      <Filter>Header Files</Filter>
    </ClInclude>
    <ClInclude Include="include\states\minesweeper.h">
      <Filter>Header Files\States</Filter>
    </ClInclude>
    <ClInclude Include="include\states\pauseMenu.h">
      <Filter>Header Files\States</Filter>
    </ClInclude>
    <ClInclude Include="include\states\titleScreen.h">
      <Filter>Header Files\States</Filter>
    </ClInclude>
    <ClInclude Include="include\states\uninitialized.h">
      <Filter>Header Files\States</Filter>
    </ClInclude>
    <ClInclude Include="include\states\editor.h">
      <Filter>Header Files\States</Filter>
    </ClInclude>
    <ClInclude Include="include\states\console.h">
      <Filter>Header Files\States</Filter>
    </ClInclude>
  </ItemGroup>
</Project>